<?xml version="1.0" encoding="utf-8"?>
<Project ToolsVersion="4.0" xmlns="http://schemas.microsoft.com/developer/msbuild/2003">
  <ItemGroup>
    <Filter Include="Source Files">
      <UniqueIdentifier>{4FC737F1-C7A5-4376-A066-2A32D752A2FF}</UniqueIdentifier>
      <Extensions>cpp;c;cc;cxx;def;odl;idl;hpj;bat;asm;asmx</Extensions>
    </Filter>
    <Filter Include="Header Files">
      <UniqueIdentifier>{93995380-89BD-4b04-88EB-625FBE52EBFB}</UniqueIdentifier>
      <Extensions>h;hpp;hxx;hm;inl;inc;xsd</Extensions>
    </Filter>
    <Filter Include="Resource Files">
      <UniqueIdentifier>{67DA6AB6-F800-4c08-8B7A-83BB121AAD01}</UniqueIdentifier>
      <Extensions>rc;ico;cur;bmp;dlg;rc2;rct;bin;rgs;gif;jpg;jpeg;jpe;resx;tiff;tif;png;wav;mfcribbon-ms</Extensions>
    </Filter>
  </ItemGroup>
  <ItemGroup>
    <ClCompile Include="test_main.cpp">
      <Filter>Source Files</Filter>
    </ClCompile>
    <ClCompile Include="test_eq_exception.cpp">
      <Filter>Source Files</Filter>
    </ClCompile>
    <ClCompile Include="test_list_table.cpp">
      <Filter>Source Files</Filter>
    </ClCompile>
    <ClCompile Include="test_array_table.cpp">
      <Filter>Source Files</Filter>
    </ClCompile>
    <ClCompile Include="test_hash_table_list.cpp">
      <Filter>Source Files</Filter>
    </ClCompile>
    <ClCompile Include="test_red_black_tree.cpp">
      <Filter>Source Files</Filter>
    </ClCompile>
    <ClCompile Include="test_list.cpp">
      <Filter>Source Files</Filter>
    </ClCompile>
    <ClCompile Include="test_polinom.cpp">
      <Filter>Source Files</Filter>
    </ClCompile>
    <ClCompile Include="test_postfix.cpp">
      <Filter>Source Files</Filter>
    </ClCompile>
    <ClCompile Include="test_stack.cpp">
      <Filter>Source Files</Filter>
    </ClCompile>
    <ClCompile Include="..\base\list_table.cpp">
      <Filter>Header Files</Filter>
    </ClCompile>
    <ClCompile Include="test_table_string.cpp">
      <Filter>Source Files</Filter>
    </ClCompile>
    <ClCompile Include="..\base\array_table.cpp">
      <Filter>Header Files</Filter>
    </ClCompile>
    <ClCompile Include="..\base\hash_table_double.cpp">
      <Filter>Header Files</Filter>
    </ClCompile>
    <ClCompile Include="..\base\hash_table_list.cpp">
      <Filter>Header Files</Filter>
    </ClCompile>
    <ClCompile Include="..\base\interface.cpp">
      <Filter>Header Files</Filter>
    </ClCompile>
    <ClCompile Include="..\base\polynom.cpp">
      <Filter>Header Files</Filter>
    </ClCompile>
    <ClCompile Include="..\base\postfix.cpp">
      <Filter>Header Files</Filter>
    </ClCompile>
    <ClCompile Include="..\base\red_black_tree.cpp">
      <Filter>Header Files</Filter>
    </ClCompile>
    <ClCompile Include="..\base\sorted_array_table.cpp">
      <Filter>Header Files</Filter>
    </ClCompile>
    <ClCompile Include="..\base\table_string.cpp">
      <Filter>Header Files</Filter>
    </ClCompile>
    <ClCompile Include="test_sorted_array_table.cpp">
      <Filter>Source Files</Filter>
    </ClCompile>
    <ClCompile Include="test_hash_table_double.cpp">
      <Filter>Source Files</Filter>
    </ClCompile>
  </ItemGroup>
  <ItemGroup>
    <ClInclude Include="..\base\list_table.h">
      <Filter>Header Files</Filter>
    </ClInclude>
    <ClInclude Include="..\base\array_table.h">
      <Filter>Header Files</Filter>
    </ClInclude>
    <ClInclude Include="..\base\eq_exception.h">
      <Filter>Header Files</Filter>
    </ClInclude>
    <ClInclude Include="..\base\hash_table_double.h">
      <Filter>Header Files</Filter>
    </ClInclude>
    <ClInclude Include="..\base\hash_table_list.h">
      <Filter>Header Files</Filter>
    </ClInclude>
    <ClInclude Include="..\base\interface.h">
      <Filter>Header Files</Filter>
    </ClInclude>
    <ClInclude Include="..\base\list.h">
      <Filter>Header Files</Filter>
    </ClInclude>
    <ClInclude Include="..\base\polynom.h">
      <Filter>Header Files</Filter>
    </ClInclude>
    <ClInclude Include="..\base\postfix.h">
      <Filter>Header Files</Filter>
    </ClInclude>
    <ClInclude Include="..\base\red_black_tree.h">
      <Filter>Header Files</Filter>
    </ClInclude>
    <ClInclude Include="..\base\sorted_array_table.h">
      <Filter>Header Files</Filter>
    </ClInclude>
    <ClInclude Include="..\base\stack.h">
      <Filter>Header Files</Filter>
    </ClInclude>
    <ClInclude Include="..\base\table.h">
      <Filter>Header Files</Filter>
    </ClInclude>
    <ClInclude Include="..\base\table_string.h">
      <Filter>Header Files</Filter>
    </ClInclude>
  </ItemGroup>
</Project>